hash: 9c2d24d482e4b591552c20d251b4620bdc2a12256564f8f18d7cb30b797bfd33
updated: 2017-08-08T13:27:35.465951914-07:00
imports:
- name: github.com/ajeddeloh/go-json
  version: 73d058cf8437a1989030afe571eeab9f90eebbbd
- name: github.com/ajeddeloh/yaml
  version: 1072abfea31191db507785e2e0c1b8d1440d35a5
- name: github.com/alecthomas/units
  version: 6b4e7dc5e3143b85ea77909c72caf89416fc2915
- name: github.com/camlistore/camlistore
  version: 9106ce829629773474c689b34aacd7d3aaa99426
- name: github.com/coreos/container-linux-config-transpiler
  version: d42f09a1374bc318d853b53e5a31148db68a4e2a
  subpackages:
  - config
  - config/astyaml
  - config/platform
  - config/templating
  - config/types
  - config/types/util
- name: github.com/coreos/coreos-cloudinit
  version: 5be99bf577f2768193c7fb587ef5a8806c1503cf
  subpackages:
  - config
- name: github.com/coreos/go-semver
  version: 5e3acbb5668c4c3deb4842615c4098eb61fb6b1e
  subpackages:
  - semver
- name: github.com/coreos/go-systemd
  version: 43e4800a6165b4e02bb2a36673c54b230d6f7b26
  subpackages:
  - journal
  - unit
- name: github.com/coreos/ignition
  version: 11813c57bc05f30644bbae7891ae30a4a62e0b33
  subpackages:
  - config
  - config/types
  - config/v1
  - config/v1/types
  - config/v2_0
  - config/v2_0/types
  - config/v2_1
  - config/v2_1/types
  - config/validate
  - config/validate/astjson
  - config/validate/report
- name: github.com/coreos/pkg
  version: 66fe44ad037ccb80329115cb4db0dbe8e9beb03a
  subpackages:
  - flagutil
- name: github.com/coreos/yaml
  version: 6b16a5714269b2f70720a45406b1babd947a17ef
- name: github.com/davecgh/go-spew
  version: 5215b55f46b2b919f50a1df0eaa5886afe4e3b3d
  subpackages:
  - spew
- name: github.com/golang/protobuf
  version: 2bba0603135d7d7f5cb73b2125beeda19c09f4ef
  subpackages:
  - proto
  - protoc-gen-go
- name: github.com/inconshreveable/mousetrap
  version: 76626ae9c91c4f2a10f34cad8ce83ea42c93bb75
- name: github.com/pmezard/go-difflib
  version: 792786c7400a136282c1664665ae0a8db921c6c2
  subpackages:
  - difflib
- name: github.com/Sirupsen/logrus
  version: 4b6ea7319e214d98c938f12692336f7ca9348d6b
  subpackages:
  - hooks/test
- name: github.com/spf13/cobra
  version: 65a708cee0a4424f4e353d031ce440643e312f92
- name: github.com/spf13/pflag
  version: 7f60f83a2c81bc3c3c0d5297f61ddfa68da9d3b7
- name: github.com/stretchr/testify
  version: 1f4a1643a57e798696635ea4c126e9127adb7d3c
  subpackages:
  - assert
- name: github.com/vincent-petithory/dataurl
  version: 9a301d65acbb728fcc3ace14f45f511a4cfeea9c
- name: go4.org
  version: 03efcb870d84809319ea509714dd6d19a1498483
  subpackages:
  - errorutil
- name: golang.org/x/crypto
  version: 7e9105388ebff089b3f99f0ef676ea55a6da3a7e
  subpackages:
  - cast5
  - openpgp
  - openpgp/armor
  - openpgp/elgamal
  - openpgp/errors
  - openpgp/packet
  - openpgp/s2k
- name: golang.org/x/net
  version: fb93926129b8ec0056f2f458b1f519654814edf0
  subpackages:
  - context
  - http2
  - http2/hpack
  - internal/timeseries
  - trace
- name: golang.org/x/sys
  version: 8f0908ab3b2457e2e15403d3697c9ef5cb4b57a9
  subpackages:
  - unix
- name: google.golang.org/grpc
  version: 8050b9cbc271307e5a716a9d782803d09b0d6f2d
  subpackages:
  - codes
  - credentials
  - grpclog
  - internal
  - keepalive
  - metadata
  - naming
  - peer
  - stats
  - tap
  - transport
- name: gopkg.in/yaml.v2
  version: f7716cbe52baa25d2e9b0d0da546fcf909fc16b4
testImports: []
