github.com/ajeddeloh/go-json v0.0.0-20160803184958-73d058cf8437 h1:gZCtZ+Hh/e3CGEX8q/yAcp8wWu5ZS6NMk6VGzpQhI3s=
github.com/ajeddeloh/go-json v0.0.0-20160803184958-73d058cf8437/go.mod h1:otnto4/Icqn88WCcM4bhIJNSgsh9VLBuspyyCfvof9c=
github.com/ajeddeloh/yaml v0.0.0-20170912190910-6b94386aeefd h1:NlKlOv3aVJ5ODMC0JWPvddw05KENkL3cZttIuu8kJRo=
github.com/ajeddeloh/yaml v0.0.0-20170912190910-6b94386aeefd/go.mod h1:idhzw68Q7v4j+rQ2AGyq3OlZW2Jij9mdmGA4/Sk6J0E=
github.com/alecthomas/units v0.0.0-20150109002421-6b4e7dc5e314 h1:NWdGjCRUTTqEqDwJRojRLiwXDW1ZJM2DSiyGfBWx874=
github.com/alecthomas/units v0.0.0-20150109002421-6b4e7dc5e314/go.mod h1:ybxpYRFXyAe+OPACYpWeL0wqObRcbAqCMya13uyzqw0=
github.com/camlistore/camlistore v0.0.0-20150929155216-9106ce829629/go.mod h1:TVO4LWICBfiaUz8pIiCYcg95UvnaTbRmgePQkD1p8YM=
github.com/coreos/container-linux-config-transpiler v0.5.0 h1:FttQu8sdawwx6FSOOf0USxn0h3IUz/MxewFOtiXCRH0=
github.com/coreos/container-linux-config-transpiler v0.5.0/go.mod h1:SlcxXZQ2c42knj8pezMiQsM1f+ADxFMjGetuMKR/YSQ=
github.com/coreos/coreos-cloudinit v1.13.0 h1:NAJMy7cdj722Nm6+THzKx9fH/vCb39Z1JndsKS4TS6c=
github.com/coreos/coreos-cloudinit v1.13.0/go.mod h1:hV3swhSwq+bRX5apuk57gG+3fsQacgbrZVxjPTqo0zo=
github.com/coreos/go-semver v0.0.0-20170209201757-5e3acbb5668c h1:+wuUamXDDSjSegI1+8PkeQ0oY7azHxu0jlLJ9Cc/oLE=
github.com/coreos/go-semver v0.0.0-20170209201757-5e3acbb5668c/go.mod h1:nnelYz7RCh+5ahJtPPxZlU+153eP4D4r3EedlOD2RNk=
github.com/coreos/go-systemd v0.0.0-20160826104600-43e4800a6165 h1:vjIPZX2iMVczdBreXAY5t+nGoR4z3rb4M1W1F1aGwsE=
github.com/coreos/go-systemd v0.0.0-20160826104600-43e4800a6165/go.mod h1:F5haX7vjVVG0kc13fIWeqUViNPyEJxv/OmvnBo0Yme4=
github.com/coreos/ignition v0.19.0 h1:+vu8Tkpe5P0PYKTxhVVU9WYz7LbFNAzsCQmM5MAnTHw=
github.com/coreos/ignition v0.19.0/go.mod h1:WJQapxzEn9DE0ryxsGvm8QnBajm/XsS/PkrDqSpz+bA=
github.com/coreos/pkg v0.0.0-20160221035341-66fe44ad037c h1:YYKUGUx+21jb01m4f292UtXWBauM5oQH6tywwQNZxdU=
github.com/coreos/pkg v0.0.0-20160221035341-66fe44ad037c/go.mod h1:E3G3o1h8I7cfcXa63jLwjI0eiQQMgzzUDFVpN/nH/eA=
github.com/coreos/yaml v0.0.0-20141224210557-6b16a5714269 h1:/1sjrpK5Mb6IwyFOKd+u7321tXfNAsj0Ci8CivZmSlo=
github.com/coreos/yaml v0.0.0-20141224210557-6b16a5714269/go.mod h1:Bl1D/T9QJhVdu6eFoLrGxN90+admDLGaLz2HXH/VzDc=
github.com/davecgh/go-spew v0.0.0-20151105211317-5215b55f46b2/go.mod h1:J7Y8YcW2NihsgmVo/mv3lAwl/skON4iLHjSsI+c5H38=
github.com/davecgh/go-spew v1.1.1 h1:vj9j/u1bqnvCEfJOwUhtlOARqs3+rkHYY13jYWTU97c=
github.com/davecgh/go-spew v1.1.1/go.mod h1:J7Y8YcW2NihsgmVo/mv3lAwl/skON4iLHjSsI+c5H38=
github.com/golang/protobuf v0.0.0-20170331031902-2bba0603135d h1:KmiEmEGA5sqizMpKnexwioxj8zEUSBc7p9UTQu36lpQ=
github.com/golang/protobuf v0.0.0-20170331031902-2bba0603135d/go.mod h1:6lQm79b+lXiMfvg/cZm0SGofjICqVBUtrP5yJMmIC1U=
github.com/inconshreveable/mousetrap v1.0.0 h1:Z8tu5sraLXCXIcARxBp/8cbvlwVa7Z1NHg9XEKhtSvM=
github.com/inconshreveable/mousetrap v1.0.0/go.mod h1:PxqpIevigyE2G7u3NXJIT2ANytuPF1OarO4DADm73n8=
github.com/konsorten/go-windows-terminal-sequences v1.0.1 h1:mweAR1A6xJ3oS2pRaGiHgQ4OO8tzTaLawm8vnODuwDk=
github.com/konsorten/go-windows-terminal-sequences v1.0.1/go.mod h1:T0+1ngSBFLxvqU3pZ+m/2kptfBszLMUkC4ZK/EgS/cQ=
github.com/pmezard/go-difflib v1.0.0 h1:4DBwDE0NGyQoBHbLQYPwSUPoCMWR5BEzIk/f1lZbAQM=
github.com/pmezard/go-difflib v1.0.0/go.mod h1:iKH77koFhYxTK1pcRnkKkqfTogsbg7gZNVY4sRDYZ/4=
github.com/sirupsen/logrus v1.3.0 h1:hI/7Q+DtNZ2kINb6qt/lS+IyXnHQe9e90POfeewL/ME=
github.com/sirupsen/logrus v1.3.0/go.mod h1:LxeOpSwHxABJmUn/MG1IvRgCAasNZTLOkJPxbbu5VWo=
github.com/spf13/cobra v0.0.0-20160208220627-65a708cee0a4 h1:YWnu4r9zC05ic4XVJR+X7zxHI/lv5Ha9QPYx3gZvQHw=
github.com/spf13/cobra v0.0.0-20160208220627-65a708cee0a4/go.mod h1:1l0Ry5zgKvJasoi3XT1TypsSe7PqH0Sj9dhYf7v3XqQ=
github.com/spf13/pflag v0.0.0-20151218134703-7f60f83a2c81 h1:e8OMOPK+iXlzdnq5GOtSZDnw9HJi1faEKhCoEIxVUrY=
github.com/spf13/pflag v0.0.0-20151218134703-7f60f83a2c81/go.mod h1:DYY7MBk1bdzusC3SYhjObp+wFpr4gzcvqqNjLnInEg4=
github.com/stretchr/objx v0.1.1/go.mod h1:HFkY916IF+rwdDfMAkV7OtwuqBVzrE8GR6GFx+wExME=
github.com/stretchr/testify v0.0.0-20160221104443-1f4a1643a57e/go.mod h1:a8OnRcib4nhh0OaRAV+Yts87kKdq0PP7pXfy6kDkUVs=
github.com/stretchr/testify v1.2.2 h1:bSDNvY7ZPG5RlJ8otE/7V6gMiyenm9RtJ7IUVIAoJ1w=
github.com/stretchr/testify v1.2.2/go.mod h1:a8OnRcib4nhh0OaRAV+Yts87kKdq0PP7pXfy6kDkUVs=
github.com/vincent-petithory/dataurl v0.0.0-20160330182126-9a301d65acbb h1:lyL3z7vYwTWXf4/bI+A01+cCSnfhKIBhy+SQ46Z/ml8=
github.com/vincent-petithory/dataurl v0.0.0-20160330182126-9a301d65acbb/go.mod h1:FHafX5vmDzyP+1CQATJn7WFKc9CvnvxyvZy6I1MrG/U=
go4.org v0.0.0-20160314031811-03efcb870d84 h1:WZkGC1qzoax/QSt84wmvIxk+ZOmGIChsTzdrv9t4nvk=
go4.org v0.0.0-20160314031811-03efcb870d84/go.mod h1:MkTOUMDaeVYJUOUsaDXIhWPZYa1yOyC1qaOBpL57BhE=
golang.org/x/crypto v0.0.0-20170523101029-7e9105388ebf/go.mod h1:6SG95UA2DQfeDnfUPMdvaQW0Q7yPrPDi9nlGo2tz2b4=
golang.org/x/crypto v0.0.0-20180904163835-0709b304e793 h1:u+LnwYTOOW7Ukr/fppxEb1Nwz0AtPflrblfvUudpo+I=
golang.org/x/crypto v0.0.0-20180904163835-0709b304e793/go.mod h1:6SG95UA2DQfeDnfUPMdvaQW0Q7yPrPDi9nlGo2tz2b4=
golang.org/x/net v0.0.0-20160412225635-fb93926129b8 h1:5Lew4KHjm6QAzkboL0Sdg03Nc3VtVcno+Mdcvclquco=
golang.org/x/net v0.0.0-20160412225635-fb93926129b8/go.mod h1:mL1N/T3taQHkDXs73rZJwtUhF3w3ftmwwsq0BUmARs4=
golang.org/x/sys v0.0.0-20180905080454-ebe1bf3edb33/go.mod h1:STP8DvDyc/dI5b8T5hshtkjS+E42TnysNCUPdjciGhY=
golang.org/x/sys v0.0.0-20190209173611-3b5209105503 h1:5SvYFrOM3W8Mexn9/oA44Ji7vhXAZQ9hiP+1Q/DMrWg=
golang.org/x/sys v0.0.0-20190209173611-3b5209105503/go.mod h1:STP8DvDyc/dI5b8T5hshtkjS+E42TnysNCUPdjciGhY=
google.golang.org/grpc v1.2.1 h1:uXbsPclX7+aYIzPCched4e5D5dguzKH7wW8cyJ9r2Pk=
google.golang.org/grpc v1.2.1/go.mod h1:yo6s7OP7yaDglbqo1J04qKzAhqBH6lvTonzMVmEdcZw=
gopkg.in/yaml.v2 v2.0.0-20151201162745-f7716cbe52ba/go.mod h1:JAlM8MvJe8wmxCU4Bli9HhUf9+ttbYbLASfIpnQbh74=
